
Microsoft Visual Studio Solution File, Format Version 12.00
# Visual Studio 15
VisualStudioVersion = 15.0.28010.2026
MinimumVisualStudioVersion = 10.0.40219.1
Project("{8BC9CEB8-8B4A-11D0-8D11-00A0C91BC942}") = "StringProject", "StringProject\StringProject.vcxproj", "{8318D13E-B613-4853-B46A-97C20872AE8E}"
EndProject
Global
	GlobalSection(SolutionConfigurationPlatforms) = preSolution
		Debug|x64 = Debug|x64
		Debug|x86 = Debug|x86
		Release|x64 = Release|x64
		Release|x86 = Release|x86
	EndGlobalSection
	GlobalSection(ProjectConfigurationPlatforms) = postSolution
		{8318D13E-B613-4853-B46A-97C20872AE8E}.Debug|x64.ActiveCfg = Debug|x64
		{8318D13E-B613-4853-B46A-97C20872AE8E}.Debug|x64.Build.0 = Debug|x64
		{8318D13E-B613-4853-B46A-97C20872AE8E}.Debug|x86.ActiveCfg = Debug|Win32
		{8318D13E-B613-4853-B46A-97C20872AE8E}.Debug|x86.Build.0 = Debug|Win32
		{8318D13E-B613-4853-B46A-97C20872AE8E}.Release|x64.ActiveCfg = Release|x64
		{8318D13E-B613-4853-B46A-97C20872AE8E}.Release|x64.Build.0 = Release|x64
		{8318D13E-B613-4853-B46A-97C20872AE8E}.Release|x86.ActiveCfg = Release|Win32
		{8318D13E-B613-4853-B46A-97C20872AE8E}.Release|x86.Build.0 = Release|Win32
	EndGlobalSection
	GlobalSection(SolutionProperties) = preSolution
		HideSolutionNode = FALSE
	EndGlobalSection
	GlobalSection(ExtensibilityGlobals) = postSolution
		SolutionGuid = {DC98ACED-6030-4C9C-B04C-A9791E70043E}
	EndGlobalSection
EndGlobal
